Microsoft Visual Studio Solution File, Format Version 12.00
# Visual Studio 15
VisualStudioVersion = 15.0.26430.16
MinimumVisualStudioVersion = 15.0.26124.0
Project("{9A19103F-16F7-4668-BE54-9A1E7A4F7556}") = "Arrays", "Arrays\Arrays.csproj", "{DB9BD096-6FBF-40FB-A24C-ECD9F4BE6879}"
EndProject
Project("{9A19103F-16F7-4668-BE54-9A1E7A4F7556}") = "Collections", "Collections\Collections.csproj", "{5E46F53B-D900-4B32-B1F9-475200C1D5F5}"
EndProject
Project("{9A19103F-16F7-4668-BE54-9A1E7A4F7556}") = "LinkedList", "LinkedList\LinkedList.csproj", "{D0F75F59-03C5-4D7B-923B-D53D6BD14635}"
EndProject
Global
	GlobalSection(SolutionConfigurationPlatforms) = preSolution
		Debug|Any CPU = Debug|Any CPU
		Debug|x64 = Debug|x64
		Debug|x86 = Debug|x86
		Release|Any CPU = Release|Any CPU
		Release|x64 = Release|x64
		Release|x86 = Release|x86
	EndGlobalSection
	GlobalSection(ProjectConfigurationPlatforms) = postSolution
		{DB9BD096-6FBF-40FB-A24C-ECD9F4BE6879}.Debug|Any CPU.ActiveCfg = Debug|Any CPU
		{DB9BD096-6FBF-40FB-A24C-ECD9F4BE6879}.Debug|Any CPU.Build.0 = Debug|Any CPU
		{DB9BD096-6FBF-40FB-A24C-ECD9F4BE6879}.Debug|x64.ActiveCfg = Debug|Any CPU
		{DB9BD096-6FBF-40FB-A24C-ECD9F4BE6879}.Debug|x64.Build.0 = Debug|Any CPU
		{DB9BD096-6FBF-40FB-A24C-ECD9F4BE6879}.Debug|x86.ActiveCfg = Debug|Any CPU
		{DB9BD096-6FBF-40FB-A24C-ECD9F4BE6879}.Debug|x86.Build.0 = Debug|Any CPU
		{DB9BD096-6FBF-40FB-A24C-ECD9F4BE6879}.Release|Any CPU.ActiveCfg = Release|Any CPU
		{DB9BD096-6FBF-40FB-A24C-ECD9F4BE6879}.Release|Any CPU.Build.0 = Release|Any CPU
		{DB9BD096-6FBF-40FB-A24C-ECD9F4BE6879}.Release|x64.ActiveCfg = Release|Any CPU
		{DB9BD096-6FBF-40FB-A24C-ECD9F4BE6879}.Release|x64.Build.0 = Release|Any CPU
		{DB9BD096-6FBF-40FB-A24C-ECD9F4BE6879}.Release|x86.ActiveCfg = Release|Any CPU
		{DB9BD096-6FBF-40FB-A24C-ECD9F4BE6879}.Release|x86.Build.0 = Release|Any CPU
		{5E46F53B-D900-4B32-B1F9-475200C1D5F5}.Debug|Any CPU.ActiveCfg = Debug|Any CPU
		{5E46F53B-D900-4B32-B1F9-475200C1D5F5}.Debug|Any CPU.Build.0 = Debug|Any CPU
		{5E46F53B-D900-4B32-B1F9-475200C1D5F5}.Debug|x64.ActiveCfg = Debug|Any CPU
		{5E46F53B-D900-4B32-B1F9-475200C1D5F5}.Debug|x64.Build.0 = Debug|Any CPU
		{5E46F53B-D900-4B32-B1F9-475200C1D5F5}.Debug|x86.ActiveCfg = Debug|Any CPU
		{5E46F53B-D900-4B32-B1F9-475200C1D5F5}.Debug|x86.Build.0 = Debug|Any CPU
		{5E46F53B-D900-4B32-B1F9-475200C1D5F5}.Release|Any CPU.ActiveCfg = Release|Any CPU
		{5E46F53B-D900-4B32-B1F9-475200C1D5F5}.Release|Any CPU.Build.0 = Release|Any CPU
		{5E46F53B-D900-4B32-B1F9-475200C1D5F5}.Release|x64.ActiveCfg = Release|Any CPU
		{5E46F53B-D900-4B32-B1F9-475200C1D5F5}.Release|x64.Build.0 = Release|Any CPU
		{5E46F53B-D900-4B32-B1F9-475200C1D5F5}.Release|x86.ActiveCfg = Release|Any CPU
		{5E46F53B-D900-4B32-B1F9-475200C1D5F5}.Release|x86.Build.0 = Release|Any CPU
		{D0F75F59-03C5-4D7B-923B-D53D6BD14635}.Debug|Any CPU.ActiveCfg = Debug|Any CPU
		{D0F75F59-03C5-4D7B-923B-D53D6BD14635}.Debug|Any CPU.Build.0 = Debug|Any CPU
		{D0F75F59-03C5-4D7B-923B-D53D6BD14635}.Debug|x64.ActiveCfg = Debug|Any CPU
		{D0F75F59-03C5-4D7B-923B-D53D6BD14635}.Debug|x64.Build.0 = Debug|Any CPU
		{D0F75F59-03C5-4D7B-923B-D53D6BD14635}.Debug|x86.ActiveCfg = Debug|Any CPU
		{D0F75F59-03C5-4D7B-923B-D53D6BD14635}.Debug|x86.Build.0 = Debug|Any CPU
		{D0F75F59-03C5-4D7B-923B-D53D6BD14635}.Release|Any CPU.ActiveCfg = Release|Any CPU
		{D0F75F59-03C5-4D7B-923B-D53D6BD14635}.Release|Any CPU.Build.0 = Release|Any CPU
		{D0F75F59-03C5-4D7B-923B-D53D6BD14635}.Release|x64.ActiveCfg = Release|Any CPU
		{D0F75F59-03C5-4D7B-923B-D53D6BD14635}.Release|x64.Build.0 = Release|Any CPU
		{D0F75F59-03C5-4D7B-923B-D53D6BD14635}.Release|x86.ActiveCfg = Release|Any CPU
		{D0F75F59-03C5-4D7B-923B-D53D6BD14635}.Release|x86.Build.0 = Release|Any CPU
	EndGlobalSection
	GlobalSection(SolutionProperties) = preSolution
		HideSolutionNode = FALSE
	EndGlobalSection
EndGlobal
